// !$*UTF8*$!
{
	archiveVersion = 1;
	classes = {
	};
	objectVersion = 46;
	objects = {

/* Begin PBXBuildFile section */
		B8208F3019F9B2F800995DB7 /* server.cpp in Sources */ = {isa = PBXBuildFile; fileRef = B8208F2E19F9B2F800995DB7 /* server.cpp */; };
		B8208F3319F9B66C00995DB7 /* connection.cpp in Sources */ = {isa = PBXBuildFile; fileRef = B8208F3119F9B66C00995DB7 /* connection.cpp */; };
		B824A0EB1A23AE7600D406BE /* connection_queue.cpp in Sources */ = {isa = PBXBuildFile; fileRef = B824A0E91A23AE7600D406BE /* connection_queue.cpp */; };
		B824A0EF1A23B8AC00D406BE /* echo_processor.cpp in Sources */ = {isa = PBXBuildFile; fileRef = B824A0ED1A23B8AC00D406BE /* echo_processor.cpp */; };
		B861C75019DC515700056CD1 /* main.cpp in Sources */ = {isa = PBXBuildFile; fileRef = B861C74F19DC515700056CD1 /* main.cpp */; };
		B8DE1CC01A251B8B0005E385 /* http_processor.cpp in Sources */ = {isa = PBXBuildFile; fileRef = B8DE1CBE1A251B8A0005E385 /* http_processor.cpp */; };
		B8DE1CC31A251F930005E385 /* http_response.cpp in Sources */ = {isa = PBXBuildFile; fileRef = B8DE1CC11A251F930005E385 /* http_response.cpp */; };
/* End PBXBuildFile section */

/* Begin PBXCopyFilesBuildPhase section */
		B861C74A19DC515700056CD1 /* CopyFiles */ = {
			isa = PBXCopyFilesBuildPhase;
			buildActionMask = 2147483647;
			dstPath = /usr/share/man/man1/;
			dstSubfolderSpec = 0;
			files = (
			);
			runOnlyForDeploymentPostprocessing = 1;
		};
/* End PBXCopyFilesBuildPhase section */

/* Begin PBXFileReference section */
		B8208F2E19F9B2F800995DB7 /* server.cpp */ = {isa = PBXFileReference; fileEncoding = 4; lastKnownFileType = sourcecode.cpp.cpp; path = server.cpp; sourceTree = "<group>"; };
		B8208F2F19F9B2F800995DB7 /* server.h */ = {isa = PBXFileReference; fileEncoding = 4; lastKnownFileType = sourcecode.c.h; path = server.h; sourceTree = "<group>"; };
		B8208F3119F9B66C00995DB7 /* connection.cpp */ = {isa = PBXFileReference; fileEncoding = 4; lastKnownFileType = sourcecode.cpp.cpp; path = connection.cpp; sourceTree = "<group>"; };
		B8208F3219F9B66C00995DB7 /* connection.h */ = {isa = PBXFileReference; fileEncoding = 4; lastKnownFileType = sourcecode.c.h; path = connection.h; sourceTree = "<group>"; };
		B824A0E91A23AE7600D406BE /* connection_queue.cpp */ = {isa = PBXFileReference; fileEncoding = 4; lastKnownFileType = sourcecode.cpp.cpp; path = connection_queue.cpp; sourceTree = "<group>"; };
		B824A0EA1A23AE7600D406BE /* connection_queue.h */ = {isa = PBXFileReference; fileEncoding = 4; lastKnownFileType = sourcecode.c.h; path = connection_queue.h; sourceTree = "<group>"; };
		B824A0EC1A23B87100D406BE /* server_processor.h */ = {isa = PBXFileReference; lastKnownFileType = sourcecode.c.h; path = server_processor.h; sourceTree = "<group>"; };
		B824A0ED1A23B8AC00D406BE /* echo_processor.cpp */ = {isa = PBXFileReference; fileEncoding = 4; lastKnownFileType = sourcecode.cpp.cpp; path = echo_processor.cpp; sourceTree = "<group>"; };
		B824A0EE1A23B8AC00D406BE /* echo_processor.h */ = {isa = PBXFileReference; fileEncoding = 4; lastKnownFileType = sourcecode.c.h; path = echo_processor.h; sourceTree = "<group>"; };
		B861C74C19DC515700056CD1 /* EmbeddedWebserver */ = {isa = PBXFileReference; explicitFileType = "compiled.mach-o.executable"; includeInIndex = 0; path = EmbeddedWebserver; sourceTree = BUILT_PRODUCTS_DIR; };
		B861C74F19DC515700056CD1 /* main.cpp */ = {isa = PBXFileReference; lastKnownFileType = sourcecode.cpp.cpp; path = main.cpp; sourceTree = "<group>"; };
		B8DE1CBE1A251B8A0005E385 /* http_processor.cpp */ = {isa = PBXFileReference; fileEncoding = 4; lastKnownFileType = sourcecode.cpp.cpp; path = http_processor.cpp; sourceTree = "<group>"; };
		B8DE1CBF1A251B8B0005E385 /* http_processor.h */ = {isa = PBXFileReference; fileEncoding = 4; lastKnownFileType = sourcecode.c.h; path = http_processor.h; sourceTree = "<group>"; };
		B8DE1CC11A251F930005E385 /* http_response.cpp */ = {isa = PBXFileReference; fileEncoding = 4; lastKnownFileType = sourcecode.cpp.cpp; path = http_response.cpp; sourceTree = "<group>"; };
		B8DE1CC21A251F930005E385 /* http_response.h */ = {isa = PBXFileReference; fileEncoding = 4; lastKnownFileType = sourcecode.c.h; path = http_response.h; sourceTree = "<group>"; };
/* End PBXFileReference section */

/* Begin PBXFrameworksBuildPhase section */
		B861C74919DC515700056CD1 /* Frameworks */ = {
			isa = PBXFrameworksBuildPhase;
			buildActionMask = 2147483647;
			files = (
			);
			runOnlyForDeploymentPostprocessing = 0;
		};
/* End PBXFrameworksBuildPhase section */

/* Begin PBXGroup section */
		B861C74319DC515700056CD1 = {
			isa = PBXGroup;
			children = (
				B861C74E19DC515700056CD1 /* EmbeddedWebserver */,
				B861C74D19DC515700056CD1 /* Products */,
			);
			sourceTree = "<group>";
		};
		B861C74D19DC515700056CD1 /* Products */ = {
			isa = PBXGroup;
			children = (
				B861C74C19DC515700056CD1 /* EmbeddedWebserver */,
			);
			name = Products;
			sourceTree = "<group>";
		};
		B861C74E19DC515700056CD1 /* EmbeddedWebserver */ = {
			isa = PBXGroup;
			children = (
				B861C74F19DC515700056CD1 /* main.cpp */,
				B8208F2E19F9B2F800995DB7 /* server.cpp */,
				B8208F2F19F9B2F800995DB7 /* server.h */,
				B8208F3119F9B66C00995DB7 /* connection.cpp */,
				B8208F3219F9B66C00995DB7 /* connection.h */,
				B824A0E91A23AE7600D406BE /* connection_queue.cpp */,
				B824A0EA1A23AE7600D406BE /* connection_queue.h */,
				B824A0EC1A23B87100D406BE /* server_processor.h */,
				B824A0ED1A23B8AC00D406BE /* echo_processor.cpp */,
				B824A0EE1A23B8AC00D406BE /* echo_processor.h */,
				B8DE1CBE1A251B8A0005E385 /* http_processor.cpp */,
				B8DE1CBF1A251B8B0005E385 /* http_processor.h */,
				B8DE1CC11A251F930005E385 /* http_response.cpp */,
				B8DE1CC21A251F930005E385 /* http_response.h */,
			);
			path = EmbeddedWebserver;
			sourceTree = "<group>";
		};
/* End PBXGroup section */

/* Begin PBXNativeTarget section */
		B861C74B19DC515700056CD1 /* EmbeddedWebserver */ = {
			isa = PBXNativeTarget;
			buildConfigurationList = B861C75319DC515700056CD1 /* Build configuration list for PBXNativeTarget "EmbeddedWebserver" */;
			buildPhases = (
				B861C74819DC515700056CD1 /* Sources */,
				B861C74919DC515700056CD1 /* Frameworks */,
				B861C74A19DC515700056CD1 /* CopyFiles */,
			);
			buildRules = (
			);
			dependencies = (
			);
			name = EmbeddedWebserver;
			productName = EmbeddedWebserver;
			productReference = B861C74C19DC515700056CD1 /* EmbeddedWebserver */;
			productType = "com.apple.product-type.tool";
		};
/* End PBXNativeTarget section */

/* Begin PBXProject section */
		B861C74419DC515700056CD1 /* Project object */ = {
			isa = PBXProject;
			attributes = {
				LastUpgradeCheck = 0600;
				ORGANIZATIONNAME = sdmichelini;
				TargetAttributes = {
					B861C74B19DC515700056CD1 = {
						CreatedOnToolsVersion = 6.0.1;
					};
				};
			};
			buildConfigurationList = B861C74719DC515700056CD1 /* Build configuration list for PBXProject "EmbeddedWebserver" */;
			compatibilityVersion = "Xcode 3.2";
			developmentRegion = English;
			hasScannedForEncodings = 0;
			knownRegions = (
				en,
			);
			mainGroup = B861C74319DC515700056CD1;
			productRefGroup = B861C74D19DC515700056CD1 /* Products */;
			projectDirPath = "";
			projectRoot = "";
			targets = (
				B861C74B19DC515700056CD1 /* EmbeddedWebserver */,
			);
		};
/* End PBXProject section */

/* Begin PBXSourcesBuildPhase section */
		B861C74819DC515700056CD1 /* Sources */ = {
			isa = PBXSourcesBuildPhase;
			buildActionMask = 2147483647;
			files = (
				B8208F3019F9B2F800995DB7 /* server.cpp in Sources */,
				B8DE1CC31A251F930005E385 /* http_response.cpp in Sources */,
				B824A0EB1A23AE7600D406BE /* connection_queue.cpp in Sources */,
				B861C75019DC515700056CD1 /* main.cpp in Sources */,
				B8208F3319F9B66C00995DB7 /* connection.cpp in Sources */,
				B8DE1CC01A251B8B0005E385 /* http_processor.cpp in Sources */,
				B824A0EF1A23B8AC00D406BE /* echo_processor.cpp in Sources */,
			);
			runOnlyForDeploymentPostprocessing = 0;
		};
/* End PBXSourcesBuildPhase section */

/* Begin XCBuildConfiguration section */
		B861C75119DC515700056CD1 /* Debug */ = {
			isa = XCBuildConfiguration;
			buildSettings = {
				ALWAYS_SEARCH_USER_PATHS = NO;
				CLANG_CXX_LANGUAGE_STANDARD = "gnu++0x";
				CLANG_CXX_LIBRARY = "libc++";
				CLANG_ENABLE_MODULES = YES;
				CLANG_ENABLE_OBJC_ARC = YES;
				CLANG_WARN_BOOL_CONVERSION = YES;
				CLANG_WARN_CONSTANT_CONVERSION = YES;
				CLANG_WARN_DIRECT_OBJC_ISA_USAGE = YES_ERROR;
				CLANG_WARN_EMPTY_BODY = YES;
				CLANG_WARN_ENUM_CONVERSION = YES;
				CLANG_WARN_INT_CONVERSION = YES;
				CLANG_WARN_OBJC_ROOT_CLASS = YES_ERROR;
				CLANG_WARN_UNREACHABLE_CODE = YES;
				CLANG_WARN__DUPLICATE_METHOD_MATCH = YES;
				COPY_PHASE_STRIP = NO;
				ENABLE_STRICT_OBJC_MSGSEND = YES;
				GCC_C_LANGUAGE_STANDARD = gnu99;
				GCC_DYNAMIC_NO_PIC = NO;
				GCC_OPTIMIZATION_LEVEL = 0;
				GCC_PREPROCESSOR_DEFINITIONS = (
					"DEBUG=1",
					"$(inherited)",
				);
				GCC_SYMBOLS_PRIVATE_EXTERN = NO;
				GCC_WARN_64_TO_32_BIT_CONVERSION = YES;
				GCC_WARN_ABOUT_RETURN_TYPE = YES_ERROR;
				GCC_WARN_UNDECLARED_SELECTOR = YES;
				GCC_WARN_UNINITIALIZED_AUTOS = YES_AGGRESSIVE;
				GCC_WARN_UNUSED_FUNCTION = YES;
				GCC_WARN_UNUSED_VARIABLE = YES;
				MACOSX_DEPLOYMENT_TARGET = 10.10;
				MTL_ENABLE_DEBUG_INFO = YES;
				ONLY_ACTIVE_ARCH = YES;
				SDKROOT = macosx;
			};
			name = Debug;
		};
		B861C75219DC515700056CD1 /* Release */ = {
			isa = XCBuildConfiguration;
			buildSettings = {
				ALWAYS_SEARCH_USER_PATHS = NO;
				CLANG_CXX_LANGUAGE_STANDARD = "gnu++0x";
				CLANG_CXX_LIBRARY = "libc++";
				CLANG_ENABLE_MODULES = YES;
				CLANG_ENABLE_OBJC_ARC = YES;
				CLANG_WARN_BOOL_CONVERSION = YES;
				CLANG_WARN_CONSTANT_CONVERSION = YES;
				CLANG_WARN_DIRECT_OBJC_ISA_USAGE = YES_ERROR;
				CLANG_WARN_EMPTY_BODY = YES;
				CLANG_WARN_ENUM_CONVERSION = YES;
				CLANG_WARN_INT_CONVERSION = YES;
				CLANG_WARN_OBJC_ROOT_CLASS = YES_ERROR;
				CLANG_WARN_UNREACHABLE_CODE = YES;
				CLANG_WARN__DUPLICATE_METHOD_MATCH = YES;
				COPY_PHASE_STRIP = YES;
				DEBUG_INFORMATION_FORMAT = "dwarf-with-dsym";
				ENABLE_NS_ASSERTIONS = NO;
				ENABLE_STRICT_OBJC_MSGSEND = YES;
				GCC_C_LANGUAGE_STANDARD = gnu99;
				GCC_WARN_64_TO_32_BIT_CONVERSION = YES;
				GCC_WARN_ABOUT_RETURN_TYPE = YES_ERROR;
				GCC_WARN_UNDECLARED_SELECTOR = YES;
				GCC_WARN_UNINITIALIZED_AUTOS = YES_AGGRESSIVE;
				GCC_WARN_UNUSED_FUNCTION = YES;
				GCC_WARN_UNUSED_VARIABLE = YES;
				MACOSX_DEPLOYMENT_TARGET = 10.10;
				MTL_ENABLE_DEBUG_INFO = NO;
				SDKROOT = macosx;
			};
			name = Release;
		};
		B861C75419DC515700056CD1 /* Debug */ = {
			isa = XCBuildConfiguration;
			buildSettings = {
				PRODUCT_NAME = "$(TARGET_NAME)";
			};
			name = Debug;
		};
		B861C75519DC515700056CD1 /* Release */ = {
			isa = XCBuildConfiguration;
			buildSettings = {
				PRODUCT_NAME = "$(TARGET_NAME)";
			};
			name = Release;
		};
/* End XCBuildConfiguration section */

/* Begin XCConfigurationList section */
		B861C74719DC515700056CD1 /* Build configuration list for PBXProject "EmbeddedWebserver" */ = {
			isa = XCConfigurationList;
			buildConfigurations = (
				B861C75119DC515700056CD1 /* Debug */,
				B861C75219DC515700056CD1 /* Release */,
			);
			defaultConfigurationIsVisible = 0;
			defaultConfigurationName = Release;
		};
		B861C75319DC515700056CD1 /* Build configuration list for PBXNativeTarget "EmbeddedWebserver" */ = {
			isa = XCConfigurationList;
			buildConfigurations = (
				B861C75419DC515700056CD1 /* Debug */,
				B861C75519DC515700056CD1 /* Release */,
			);
			defaultConfigurationIsVisible = 0;
			defaultConfigurationName = Release;
		};
/* End XCConfigurationList section */
	};
	rootObject = B861C74419DC515700056CD1 /* Project object */;
}
